
Microsoft Visual Studio Solution File, Format Version 12.00
# Visual Studio Version 17
VisualStudioVersion = 17.11.35219.272
MinimumVisualStudioVersion = 10.0.40219.1
Project("{FAE04EC0-301F-11D3-BF4B-00C04F79EFBC}") = "Navigation Example", "Navigation Example\Navigation Example.csproj", "{87117992-6AB3-4F56-9061-3CA669F394E1}"
EndProject
Global
	GlobalSection(SolutionConfigurationPlatforms) = preSolution
		Debug|Any CPU = Debug|Any CPU
		Release|Any CPU = Release|Any CPU
	EndGlobalSection
	GlobalSection(ProjectConfigurationPlatforms) = postSolution
		{87117992-6AB3-4F56-9061-3CA669F394E1}.Debug|Any CPU.ActiveCfg = Debug|Any CPU
		{87117992-6AB3-4F56-9061-3CA669F394E1}.Debug|Any CPU.Build.0 = Debug|Any CPU
		{87117992-6AB3-4F56-9061-3CA669F394E1}.Debug|Any CPU.Deploy.0 = Debug|Any CPU
		{87117992-6AB3-4F56-9061-3CA669F394E1}.Release|Any CPU.ActiveCfg = Release|Any CPU
		{87117992-6AB3-4F56-9061-3CA669F394E1}.Release|Any CPU.Build.0 = Release|Any CPU
		{87117992-6AB3-4F56-9061-3CA669F394E1}.Release|Any CPU.Deploy.0 = Release|Any CPU
	EndGlobalSection
	GlobalSection(SolutionProperties) = preSolution
		HideSolutionNode = FALSE
	EndGlobalSection
	GlobalSection(ExtensibilityGlobals) = postSolution
		SolutionGuid = {79728A60-5F86-48C3-8313-F3C4E44A59DD}
	EndGlobalSection
EndGlobal
